
Microsoft Visual Studio Solution File, Format Version 12.00
# Visual Studio Version 17
VisualStudioVersion = 17.5.33424.131
MinimumVisualStudioVersion = 10.0.40219.1
Project("{FAE04EC0-301F-11D3-BF4B-00C04F79EFBC}") = "LINQExample_3", "LINQExample_3\LINQExample_3.csproj", "{63D784A2-1AFE-43F5-9C5E-4CDC2BB6AF3C}"
EndProject
Global
	GlobalSection(SolutionConfigurationPlatforms) = preSolution
		Debug|Any CPU = Debug|Any CPU
		Release|Any CPU = Release|Any CPU
	EndGlobalSection
	GlobalSection(ProjectConfigurationPlatforms) = postSolution
		{63D784A2-1AFE-43F5-9C5E-4CDC2BB6AF3C}.Debug|Any CPU.ActiveCfg = Debug|Any CPU
		{63D784A2-1AFE-43F5-9C5E-4CDC2BB6AF3C}.Debug|Any CPU.Build.0 = Debug|Any CPU
		{63D784A2-1AFE-43F5-9C5E-4CDC2BB6AF3C}.Release|Any CPU.ActiveCfg = Release|Any CPU
		{63D784A2-1AFE-43F5-9C5E-4CDC2BB6AF3C}.Release|Any CPU.Build.0 = Release|Any CPU
	EndGlobalSection
	GlobalSection(SolutionProperties) = preSolution
		HideSolutionNode = FALSE
	EndGlobalSection
	GlobalSection(ExtensibilityGlobals) = postSolution
		SolutionGuid = {E9B7A531-A5B7-4AFC-A59C-328DD35C0ADB}
	EndGlobalSection
EndGlobal
